
Microsoft Visual Studio Solution File, Format Version 12.00
# Visual Studio Version 17
VisualStudioVersion = 17.14.36221.1 d17.14
MinimumVisualStudioVersion = 10.0.40219.1
Project("{FAE04EC0-301F-11D3-BF4B-00C04F79EFBC}") = "Infraestructure", "Infraestructure\Infraestructure.csproj", "{F059EF6C-F473-47F0-B1D5-A6B914A4C75A}"
EndProject
Project("{FAE04EC0-301F-11D3-BF4B-00C04F79EFBC}") = "Domain", "Domain\Domain.csproj", "{76AC16DD-DB2D-4903-BA31-43E2C73D990B}"
EndProject
Project("{FAE04EC0-301F-11D3-BF4B-00C04F79EFBC}") = "API", "API\API.csproj", "{094D918D-DC98-4632-B7D0-D8D677500C18}"
EndProject
Global
	GlobalSection(SolutionConfigurationPlatforms) = preSolution
		Debug|Any CPU = Debug|Any CPU
		Release|Any CPU = Release|Any CPU
	EndGlobalSection
	GlobalSection(ProjectConfigurationPlatforms) = postSolution
		{F059EF6C-F473-47F0-B1D5-A6B914A4C75A}.Debug|Any CPU.ActiveCfg = Debug|Any CPU
		{F059EF6C-F473-47F0-B1D5-A6B914A4C75A}.Debug|Any CPU.Build.0 = Debug|Any CPU
		{F059EF6C-F473-47F0-B1D5-A6B914A4C75A}.Release|Any CPU.ActiveCfg = Release|Any CPU
		{F059EF6C-F473-47F0-B1D5-A6B914A4C75A}.Release|Any CPU.Build.0 = Release|Any CPU
		{76AC16DD-DB2D-4903-BA31-43E2C73D990B}.Debug|Any CPU.ActiveCfg = Debug|Any CPU
		{76AC16DD-DB2D-4903-BA31-43E2C73D990B}.Debug|Any CPU.Build.0 = Debug|Any CPU
		{76AC16DD-DB2D-4903-BA31-43E2C73D990B}.Release|Any CPU.ActiveCfg = Release|Any CPU
		{76AC16DD-DB2D-4903-BA31-43E2C73D990B}.Release|Any CPU.Build.0 = Release|Any CPU
		{094D918D-DC98-4632-B7D0-D8D677500C18}.Debug|Any CPU.ActiveCfg = Debug|Any CPU
		{094D918D-DC98-4632-B7D0-D8D677500C18}.Debug|Any CPU.Build.0 = Debug|Any CPU
		{094D918D-DC98-4632-B7D0-D8D677500C18}.Release|Any CPU.ActiveCfg = Release|Any CPU
		{094D918D-DC98-4632-B7D0-D8D677500C18}.Release|Any CPU.Build.0 = Release|Any CPU
	EndGlobalSection
	GlobalSection(SolutionProperties) = preSolution
		HideSolutionNode = FALSE
	EndGlobalSection
	GlobalSection(ExtensibilityGlobals) = postSolution
		SolutionGuid = {DF2F5448-ED2E-4351-AB31-0516B3406152}
	EndGlobalSection
EndGlobal
